
Microsoft Visual Studio Solution File, Format Version 12.00
# Visual Studio 15
VisualStudioVersion = 15.0.27004.2006
MinimumVisualStudioVersion = 10.0.40219.1
Project("{FAE04EC0-301F-11D3-BF4B-00C04F79EFBC}") = "LaCorridor.Logging.AzureEventHubs", "LaCorridor.Logging.AzureEventHubs\LaCorridor.Logging.AzureEventHubs.csproj", "{50C0AE2A-4E80-41E7-B8A5-89FC7B7D121D}"
EndProject
Project("{FAE04EC0-301F-11D3-BF4B-00C04F79EFBC}") = "LaCorridor.Logging.AzureEventHubs.Example", "LaCorridor.Logging.AzureEventHubs.Example\LaCorridor.Logging.AzureEventHubs.Example.csproj", "{9E2FB34A-4C39-482F-A3EA-A21BADAF4951}"
EndProject
Global
	GlobalSection(SolutionConfigurationPlatforms) = preSolution
		Debug|Any CPU = Debug|Any CPU
		Release|Any CPU = Release|Any CPU
	EndGlobalSection
	GlobalSection(ProjectConfigurationPlatforms) = postSolution
		{50C0AE2A-4E80-41E7-B8A5-89FC7B7D121D}.Debug|Any CPU.ActiveCfg = Debug|Any CPU
		{50C0AE2A-4E80-41E7-B8A5-89FC7B7D121D}.Debug|Any CPU.Build.0 = Debug|Any CPU
		{50C0AE2A-4E80-41E7-B8A5-89FC7B7D121D}.Release|Any CPU.ActiveCfg = Release|Any CPU
		{50C0AE2A-4E80-41E7-B8A5-89FC7B7D121D}.Release|Any CPU.Build.0 = Release|Any CPU
		{9E2FB34A-4C39-482F-A3EA-A21BADAF4951}.Debug|Any CPU.ActiveCfg = Debug|Any CPU
		{9E2FB34A-4C39-482F-A3EA-A21BADAF4951}.Debug|Any CPU.Build.0 = Debug|Any CPU
		{9E2FB34A-4C39-482F-A3EA-A21BADAF4951}.Release|Any CPU.ActiveCfg = Release|Any CPU
		{9E2FB34A-4C39-482F-A3EA-A21BADAF4951}.Release|Any CPU.Build.0 = Release|Any CPU
	EndGlobalSection
	GlobalSection(SolutionProperties) = preSolution
		HideSolutionNode = FALSE
	EndGlobalSection
	GlobalSection(ExtensibilityGlobals) = postSolution
		SolutionGuid = {4320E2E6-BB5B-4C1D-B307-BA2265B093D5}
	EndGlobalSection
EndGlobal
